
Microsoft Visual Studio Solution File, Format Version 12.00
# Visual Studio Version 17
VisualStudioVersion = 17.8.34511.84
MinimumVisualStudioVersion = 10.0.40219.1
Project("{FAE04EC0-301F-11D3-BF4B-00C04F79EFBC}") = "MagicDestroyers", "MagicDestroyers.csproj", "{EFD813D4-FE87-4F93-A05D-FEC6505727AA}"
EndProject
Global
	GlobalSection(SolutionConfigurationPlatforms) = preSolution
		Debug|Any CPU = Debug|Any CPU
		Release|Any CPU = Release|Any CPU
	EndGlobalSection
	GlobalSection(ProjectConfigurationPlatforms) = postSolution
		{EFD813D4-FE87-4F93-A05D-FEC6505727AA}.Debug|Any CPU.ActiveCfg = Debug|Any CPU
		{EFD813D4-FE87-4F93-A05D-FEC6505727AA}.Debug|Any CPU.Build.0 = Debug|Any CPU
		{EFD813D4-FE87-4F93-A05D-FEC6505727AA}.Release|Any CPU.ActiveCfg = Release|Any CPU
		{EFD813D4-FE87-4F93-A05D-FEC6505727AA}.Release|Any CPU.Build.0 = Release|Any CPU
	EndGlobalSection
	GlobalSection(SolutionProperties) = preSolution
		HideSolutionNode = FALSE
	EndGlobalSection
	GlobalSection(ExtensibilityGlobals) = postSolution
		SolutionGuid = {0CD0CAE8-F066-41D5-91F5-D5F1856F2008}
	EndGlobalSection
EndGlobal
